// !$*UTF8*$!
{
	archiveVersion = 1;
	classes = {
	};
	objectVersion = 50;
	objects = {

/* Begin PBXBuildFile section */
		28C7F1592319153B000B7BF2 /* Transaction.swift in Sources */ = {isa = PBXBuildFile; fileRef = 28C7F1582319153B000B7BF2 /* Transaction.swift */; };
		28C7F15B2319155B000B7BF2 /* Block.swift in Sources */ = {isa = PBXBuildFile; fileRef = 28C7F15A2319155B000B7BF2 /* Block.swift */; };
		28C7F15D231915EE000B7BF2 /* BlockChain.swift in Sources */ = {isa = PBXBuildFile; fileRef = 28C7F15C231915EE000B7BF2 /* BlockChain.swift */; };
		28E1A2A22312A30400CF3F5D /* main.swift in Sources */ = {isa = PBXBuildFile; fileRef = 28E1A2A12312A30400CF3F5D /* main.swift */; };
/* End PBXBuildFile section */

/* Begin PBXCopyFilesBuildPhase section */
		28E1A29C2312A30400CF3F5D /* CopyFiles */ = {
			isa = PBXCopyFilesBuildPhase;
			buildActionMask = 2147483647;
			dstPath = /usr/share/man/man1/;
			dstSubfolderSpec = 0;
			files = (
			);
			runOnlyForDeploymentPostprocessing = 1;
		};
/* End PBXCopyFilesBuildPhase section */

/* Begin PBXFileReference section */
		28C7F1582319153B000B7BF2 /* Transaction.swift */ = {isa = PBXFileReference; lastKnownFileType = sourcecode.swift; path = Transaction.swift; sourceTree = "<group>"; };
		28C7F15A2319155B000B7BF2 /* Block.swift */ = {isa = PBXFileReference; lastKnownFileType = sourcecode.swift; path = Block.swift; sourceTree = "<group>"; };
		28C7F15C231915EE000B7BF2 /* BlockChain.swift */ = {isa = PBXFileReference; lastKnownFileType = sourcecode.swift; path = BlockChain.swift; sourceTree = "<group>"; };
		28E1A29E2312A30400CF3F5D /* BlockChain */ = {isa = PBXFileReference; explicitFileType = "compiled.mach-o.executable"; includeInIndex = 0; path = BlockChain; sourceTree = BUILT_PRODUCTS_DIR; };
		28E1A2A12312A30400CF3F5D /* main.swift */ = {isa = PBXFileReference; lastKnownFileType = sourcecode.swift; path = main.swift; sourceTree = "<group>"; };
/* End PBXFileReference section */

/* Begin PBXFrameworksBuildPhase section */
		28E1A29B2312A30400CF3F5D /* Frameworks */ = {
			isa = PBXFrameworksBuildPhase;
			buildActionMask = 2147483647;
			files = (
			);
			runOnlyForDeploymentPostprocessing = 0;
		};
/* End PBXFrameworksBuildPhase section */

/* Begin PBXGroup section */
		28E1A2952312A30400CF3F5D = {
			isa = PBXGroup;
			children = (
				28E1A2A02312A30400CF3F5D /* BlockChain */,
				28E1A29F2312A30400CF3F5D /* Products */,
			);
			sourceTree = "<group>";
		};
		28E1A29F2312A30400CF3F5D /* Products */ = {
			isa = PBXGroup;
			children = (
				28E1A29E2312A30400CF3F5D /* BlockChain */,
			);
			name = Products;
			sourceTree = "<group>";
		};
		28E1A2A02312A30400CF3F5D /* BlockChain */ = {
			isa = PBXGroup;
			children = (
				28E1A2A82312A3CB00CF3F5D /* BlockChain */,
				28E1A2A12312A30400CF3F5D /* main.swift */,
			);
			path = BlockChain;
			sourceTree = "<group>";
		};
		28E1A2A82312A3CB00CF3F5D /* BlockChain */ = {
			isa = PBXGroup;
			children = (
				28E1A2A92312A3CB00CF3F5D /* 01BlockchainModels */,
			);
			name = BlockChain;
			sourceTree = "<group>";
		};
		28E1A2A92312A3CB00CF3F5D /* 01BlockchainModels */ = {
			isa = PBXGroup;
			children = (
				28C7F1582319153B000B7BF2 /* Transaction.swift */,
				28C7F15A2319155B000B7BF2 /* Block.swift */,
				28C7F15C231915EE000B7BF2 /* BlockChain.swift */,
			);
			path = 01BlockchainModels;
			sourceTree = "<group>";
		};
/* End PBXGroup section */

/* Begin PBXNativeTarget section */
		28E1A29D2312A30400CF3F5D /* BlockChain */ = {
			isa = PBXNativeTarget;
			buildConfigurationList = 28E1A2A52312A30400CF3F5D /* Build configuration list for PBXNativeTarget "BlockChain" */;
			buildPhases = (
				28E1A29A2312A30400CF3F5D /* Sources */,
				28E1A29B2312A30400CF3F5D /* Frameworks */,
				28E1A29C2312A30400CF3F5D /* CopyFiles */,
			);
			buildRules = (
			);
			dependencies = (
			);
			name = BlockChain;
			productName = BlockChain;
			productReference = 28E1A29E2312A30400CF3F5D /* BlockChain */;
			productType = "com.apple.product-type.tool";
		};
/* End PBXNativeTarget section */

/* Begin PBXProject section */
		28E1A2962312A30400CF3F5D /* Project object */ = {
			isa = PBXProject;
			attributes = {
				LastSwiftUpdateCheck = 1030;
				LastUpgradeCheck = 1030;
				ORGANIZATIONNAME = "Piyush Sharma";
				TargetAttributes = {
					28E1A29D2312A30400CF3F5D = {
						CreatedOnToolsVersion = 10.3;
					};
				};
			};
			buildConfigurationList = 28E1A2992312A30400CF3F5D /* Build configuration list for PBXProject "BlockChain" */;
			compatibilityVersion = "Xcode 9.3";
			developmentRegion = en;
			hasScannedForEncodings = 0;
			knownRegions = (
				en,
			);
			mainGroup = 28E1A2952312A30400CF3F5D;
			productRefGroup = 28E1A29F2312A30400CF3F5D /* Products */;
			projectDirPath = "";
			projectRoot = "";
			targets = (
				28E1A29D2312A30400CF3F5D /* BlockChain */,
			);
		};
/* End PBXProject section */

/* Begin PBXSourcesBuildPhase section */
		28E1A29A2312A30400CF3F5D /* Sources */ = {
			isa = PBXSourcesBuildPhase;
			buildActionMask = 2147483647;
			files = (
				28C7F15B2319155B000B7BF2 /* Block.swift in Sources */,
				28C7F1592319153B000B7BF2 /* Transaction.swift in Sources */,
				28C7F15D231915EE000B7BF2 /* BlockChain.swift in Sources */,
				28E1A2A22312A30400CF3F5D /* main.swift in Sources */,
			);
			runOnlyForDeploymentPostprocessing = 0;
		};
/* End PBXSourcesBuildPhase section */

/* Begin XCBuildConfiguration section */
		28E1A2A32312A30400CF3F5D /* Debug */ = {
			isa = XCBuildConfiguration;
			buildSettings = {
				ALWAYS_SEARCH_USER_PATHS = NO;
				CLANG_ANALYZER_NONNULL = YES;
				CLANG_ANALYZER_NUMBER_OBJECT_CONVERSION = YES_AGGRESSIVE;
				CLANG_CXX_LANGUAGE_STANDARD = "gnu++14";
				CLANG_CXX_LIBRARY = "libc++";
				CLANG_ENABLE_MODULES = YES;
				CLANG_ENABLE_OBJC_ARC = YES;
				CLANG_ENABLE_OBJC_WEAK = YES;
				CLANG_WARN_BLOCK_CAPTURE_AUTORELEASING = YES;
				CLANG_WARN_BOOL_CONVERSION = YES;
				CLANG_WARN_COMMA = YES;
				CLANG_WARN_CONSTANT_CONVERSION = YES;
				CLANG_WARN_DEPRECATED_OBJC_IMPLEMENTATIONS = YES;
				CLANG_WARN_DIRECT_OBJC_ISA_USAGE = YES_ERROR;
				CLANG_WARN_DOCUMENTATION_COMMENTS = YES;
				CLANG_WARN_EMPTY_BODY = YES;
				CLANG_WARN_ENUM_CONVERSION = YES;
				CLANG_WARN_INFINITE_RECURSION = YES;
				CLANG_WARN_INT_CONVERSION = YES;
				CLANG_WARN_NON_LITERAL_NULL_CONVERSION = YES;
				CLANG_WARN_OBJC_IMPLICIT_RETAIN_SELF = YES;
				CLANG_WARN_OBJC_LITERAL_CONVERSION = YES;
				CLANG_WARN_OBJC_ROOT_CLASS = YES_ERROR;
				CLANG_WARN_RANGE_LOOP_ANALYSIS = YES;
				CLANG_WARN_STRICT_PROTOTYPES = YES;
				CLANG_WARN_SUSPICIOUS_MOVE = YES;
				CLANG_WARN_UNGUARDED_AVAILABILITY = YES_AGGRESSIVE;
				CLANG_WARN_UNREACHABLE_CODE = YES;
				CLANG_WARN__DUPLICATE_METHOD_MATCH = YES;
				CODE_SIGN_IDENTITY = "-";
				COPY_PHASE_STRIP = NO;
				DEBUG_INFORMATION_FORMAT = dwarf;
				ENABLE_STRICT_OBJC_MSGSEND = YES;
				ENABLE_TESTABILITY = YES;
				GCC_C_LANGUAGE_STANDARD = gnu11;
				GCC_DYNAMIC_NO_PIC = NO;
				GCC_NO_COMMON_BLOCKS = YES;
				GCC_OPTIMIZATION_LEVEL = 0;
				GCC_PREPROCESSOR_DEFINITIONS = (
					"DEBUG=1",
					"$(inherited)",
				);
				GCC_WARN_64_TO_32_BIT_CONVERSION = YES;
				GCC_WARN_ABOUT_RETURN_TYPE = YES_ERROR;
				GCC_WARN_UNDECLARED_SELECTOR = YES;
				GCC_WARN_UNINITIALIZED_AUTOS = YES_AGGRESSIVE;
				GCC_WARN_UNUSED_FUNCTION = YES;
				GCC_WARN_UNUSED_VARIABLE = YES;
				MACOSX_DEPLOYMENT_TARGET = 10.14;
				MTL_ENABLE_DEBUG_INFO = INCLUDE_SOURCE;
				MTL_FAST_MATH = YES;
				ONLY_ACTIVE_ARCH = YES;
				SDKROOT = macosx;
				SWIFT_ACTIVE_COMPILATION_CONDITIONS = DEBUG;
				SWIFT_OPTIMIZATION_LEVEL = "-Onone";
			};
			name = Debug;
		};
		28E1A2A42312A30400CF3F5D /* Release */ = {
			isa = XCBuildConfiguration;
			buildSettings = {
				ALWAYS_SEARCH_USER_PATHS = NO;
				CLANG_ANALYZER_NONNULL = YES;
				CLANG_ANALYZER_NUMBER_OBJECT_CONVERSION = YES_AGGRESSIVE;
				CLANG_CXX_LANGUAGE_STANDARD = "gnu++14";
				CLANG_CXX_LIBRARY = "libc++";
				CLANG_ENABLE_MODULES = YES;
				CLANG_ENABLE_OBJC_ARC = YES;
				CLANG_ENABLE_OBJC_WEAK = YES;
				CLANG_WARN_BLOCK_CAPTURE_AUTORELEASING = YES;
				CLANG_WARN_BOOL_CONVERSION = YES;
				CLANG_WARN_COMMA = YES;
				CLANG_WARN_CONSTANT_CONVERSION = YES;
				CLANG_WARN_DEPRECATED_OBJC_IMPLEMENTATIONS = YES;
				CLANG_WARN_DIRECT_OBJC_ISA_USAGE = YES_ERROR;
				CLANG_WARN_DOCUMENTATION_COMMENTS = YES;
				CLANG_WARN_EMPTY_BODY = YES;
				CLANG_WARN_ENUM_CONVERSION = YES;
				CLANG_WARN_INFINITE_RECURSION = YES;
				CLANG_WARN_INT_CONVERSION = YES;
				CLANG_WARN_NON_LITERAL_NULL_CONVERSION = YES;
				CLANG_WARN_OBJC_IMPLICIT_RETAIN_SELF = YES;
				CLANG_WARN_OBJC_LITERAL_CONVERSION = YES;
				CLANG_WARN_OBJC_ROOT_CLASS = YES_ERROR;
				CLANG_WARN_RANGE_LOOP_ANALYSIS = YES;
				CLANG_WARN_STRICT_PROTOTYPES = YES;
				CLANG_WARN_SUSPICIOUS_MOVE = YES;
				CLANG_WARN_UNGUARDED_AVAILABILITY = YES_AGGRESSIVE;
				CLANG_WARN_UNREACHABLE_CODE = YES;
				CLANG_WARN__DUPLICATE_METHOD_MATCH = YES;
				CODE_SIGN_IDENTITY = "-";
				COPY_PHASE_STRIP = NO;
				DEBUG_INFORMATION_FORMAT = "dwarf-with-dsym";
				ENABLE_NS_ASSERTIONS = NO;
				ENABLE_STRICT_OBJC_MSGSEND = YES;
				GCC_C_LANGUAGE_STANDARD = gnu11;
				GCC_NO_COMMON_BLOCKS = YES;
				GCC_WARN_64_TO_32_BIT_CONVERSION = YES;
				GCC_WARN_ABOUT_RETURN_TYPE = YES_ERROR;
				GCC_WARN_UNDECLARED_SELECTOR = YES;
				GCC_WARN_UNINITIALIZED_AUTOS = YES_AGGRESSIVE;
				GCC_WARN_UNUSED_FUNCTION = YES;
				GCC_WARN_UNUSED_VARIABLE = YES;
				MACOSX_DEPLOYMENT_TARGET = 10.14;
				MTL_ENABLE_DEBUG_INFO = NO;
				MTL_FAST_MATH = YES;
				SDKROOT = macosx;
				SWIFT_COMPILATION_MODE = wholemodule;
				SWIFT_OPTIMIZATION_LEVEL = "-O";
			};
			name = Release;
		};
		28E1A2A62312A30400CF3F5D /* Debug */ = {
			isa = XCBuildConfiguration;
			buildSettings = {
				CODE_SIGN_STYLE = Automatic;
				PRODUCT_NAME = "$(TARGET_NAME)";
				SWIFT_VERSION = 5.0;
			};
			name = Debug;
		};
		28E1A2A72312A30400CF3F5D /* Release */ = {
			isa = XCBuildConfiguration;
			buildSettings = {
				CODE_SIGN_STYLE = Automatic;
				PRODUCT_NAME = "$(TARGET_NAME)";
				SWIFT_VERSION = 5.0;
			};
			name = Release;
		};
/* End XCBuildConfiguration section */

/* Begin XCConfigurationList section */
		28E1A2992312A30400CF3F5D /* Build configuration list for PBXProject "BlockChain" */ = {
			isa = XCConfigurationList;
			buildConfigurations = (
				28E1A2A32312A30400CF3F5D /* Debug */,
				28E1A2A42312A30400CF3F5D /* Release */,
			);
			defaultConfigurationIsVisible = 0;
			defaultConfigurationName = Release;
		};
		28E1A2A52312A30400CF3F5D /* Build configuration list for PBXNativeTarget "BlockChain" */ = {
			isa = XCConfigurationList;
			buildConfigurations = (
				28E1A2A62312A30400CF3F5D /* Debug */,
				28E1A2A72312A30400CF3F5D /* Release */,
			);
			defaultConfigurationIsVisible = 0;
			defaultConfigurationName = Release;
		};
/* End XCConfigurationList section */
	};
	rootObject = 28E1A2962312A30400CF3F5D /* Project object */;
}
